
Microsoft Visual Studio Solution File, Format Version 12.00
# Visual Studio Version 16
VisualStudioVersion = 16.0.29418.71
MinimumVisualStudioVersion = 10.0.40219.1
Project("{888888A0-9F3D-457C-B088-3A5042F75D52}") = "01", "01\01.pyproj", "{9793E6D6-57E2-4850-8139-5519400D8716}"
EndProject
Project("{888888A0-9F3D-457C-B088-3A5042F75D52}") = "02", "02\02.pyproj", "{98FBA5A7-50B8-41F5-8624-FDAFEC6181D8}"
EndProject
Global
	GlobalSection(SolutionConfigurationPlatforms) = preSolution
		Debug|Any CPU = Debug|Any CPU
		Release|Any CPU = Release|Any CPU
	EndGlobalSection
	GlobalSection(ProjectConfigurationPlatforms) = postSolution
		{9793E6D6-57E2-4850-8139-5519400D8716}.Debug|Any CPU.ActiveCfg = Debug|Any CPU
		{9793E6D6-57E2-4850-8139-5519400D8716}.Release|Any CPU.ActiveCfg = Release|Any CPU
		{98FBA5A7-50B8-41F5-8624-FDAFEC6181D8}.Debug|Any CPU.ActiveCfg = Debug|Any CPU
		{98FBA5A7-50B8-41F5-8624-FDAFEC6181D8}.Release|Any CPU.ActiveCfg = Release|Any CPU
	EndGlobalSection
	GlobalSection(SolutionProperties) = preSolution
		HideSolutionNode = FALSE
	EndGlobalSection
	GlobalSection(ExtensibilityGlobals) = postSolution
		SolutionGuid = {D37BF0AD-E294-4EB7-B86C-8732A415A2D9}
	EndGlobalSection
EndGlobal
